<?xml version="1.0" encoding="UTF-8" standalone="yes" ?>
<CodeBlocks_project_file>
	<FileVersion major="1" minor="6" />
	<Project>
		<Option title="GesELECTRERA" />
		<Option pch_mode="2" />
		<Option compiler="gcc" />
		<Build>
			<Target title="Debug">
				<Option output="bin\Debug\GesELECTRERA" prefix_auto="1" extension_auto="1" />
				<Option object_output="obj\Debug\" />
				<Option type="1" />
				<Option compiler="gcc" />
				<Compiler>
					<Add option="-g" />
				</Compiler>
			</Target>
			<Target title="Release">
				<Option output="bin\Release\GesELECTRERA" prefix_auto="1" extension_auto="1" />
				<Option object_output="obj\Release\" />
				<Option type="1" />
				<Option compiler="gcc" />
				<Compiler>
					<Add option="-O2" />
				</Compiler>
				<Linker>
					<Add option="-s" />
				</Linker>
			</Target>
		</Build>
		<Compiler>
			<Add option="-Wall" />
		</Compiler>
		<Unit filename="Constantes.cpp" />
		<Unit filename="Constantes.h" />
		<Unit filename="GesELECTRERA.cpp" />
		<Unit filename="TADElectrolinera.cpp" />
		<Unit filename="TADElectrolinera.h" />
		<Unit filename="TADPunto.cpp" />
		<Unit filename="TADPunto.h" />
		<Unit filename="TADReserva.cpp" />
		<Unit filename="TADReserva.h" />
		<Unit filename="TADUtilidades.cpp" />
		<Unit filename="TADUtilidades.h" />
		<Extensions>
			<code_completion />
			<debugger />
		</Extensions>
	</Project>
</CodeBlocks_project_file>
